
Microsoft Visual Studio Solution File, Format Version 12.00
# Visual Studio Version 16
VisualStudioVersion = 16.0.29728.190
MinimumVisualStudioVersion = 10.0.40219.1
Project("{FAE04EC0-301F-11D3-BF4B-00C04F79EFBC}") = "Dossier_1", "Dossier_1\Dossier_1.csproj", "{8766353E-70F5-4A95-B55A-92ADAEA9AADF}"
EndProject
Project("{FAE04EC0-301F-11D3-BF4B-00C04F79EFBC}") = "MyCartographyObjects", "CLShapes\MyCartographyObjects.csproj", "{C088BFE1-AF13-4392-9CC1-4AFC949D3F6D}"
EndProject
Project("{FAE04EC0-301F-11D3-BF4B-00C04F79EFBC}") = "MathFunctions", "MathUtil\MathFunctions.csproj", "{0048F5D5-F2E7-461A-91E6-81C580A8A5A0}"
EndProject
Project("{FAE04EC0-301F-11D3-BF4B-00C04F79EFBC}") = "PersonelMap_Manager", "PersonelMap_Manager\PersonelMap_Manager.csproj", "{EB36A496-4CBC-4F40-A0BE-0749A2D4AC6A}"
EndProject
Global
	GlobalSection(SolutionConfigurationPlatforms) = preSolution
		Debug|Any CPU = Debug|Any CPU
		Release|Any CPU = Release|Any CPU
	EndGlobalSection
	GlobalSection(ProjectConfigurationPlatforms) = postSolution
		{8766353E-70F5-4A95-B55A-92ADAEA9AADF}.Debug|Any CPU.ActiveCfg = Debug|Any CPU
		{8766353E-70F5-4A95-B55A-92ADAEA9AADF}.Debug|Any CPU.Build.0 = Debug|Any CPU
		{8766353E-70F5-4A95-B55A-92ADAEA9AADF}.Release|Any CPU.ActiveCfg = Release|Any CPU
		{8766353E-70F5-4A95-B55A-92ADAEA9AADF}.Release|Any CPU.Build.0 = Release|Any CPU
		{C088BFE1-AF13-4392-9CC1-4AFC949D3F6D}.Debug|Any CPU.ActiveCfg = Debug|Any CPU
		{C088BFE1-AF13-4392-9CC1-4AFC949D3F6D}.Debug|Any CPU.Build.0 = Debug|Any CPU
		{C088BFE1-AF13-4392-9CC1-4AFC949D3F6D}.Release|Any CPU.ActiveCfg = Release|Any CPU
		{C088BFE1-AF13-4392-9CC1-4AFC949D3F6D}.Release|Any CPU.Build.0 = Release|Any CPU
		{0048F5D5-F2E7-461A-91E6-81C580A8A5A0}.Debug|Any CPU.ActiveCfg = Debug|Any CPU
		{0048F5D5-F2E7-461A-91E6-81C580A8A5A0}.Debug|Any CPU.Build.0 = Debug|Any CPU
		{0048F5D5-F2E7-461A-91E6-81C580A8A5A0}.Release|Any CPU.ActiveCfg = Release|Any CPU
		{0048F5D5-F2E7-461A-91E6-81C580A8A5A0}.Release|Any CPU.Build.0 = Release|Any CPU
		{EB36A496-4CBC-4F40-A0BE-0749A2D4AC6A}.Debug|Any CPU.ActiveCfg = Debug|Any CPU
		{EB36A496-4CBC-4F40-A0BE-0749A2D4AC6A}.Debug|Any CPU.Build.0 = Debug|Any CPU
		{EB36A496-4CBC-4F40-A0BE-0749A2D4AC6A}.Release|Any CPU.ActiveCfg = Release|Any CPU
		{EB36A496-4CBC-4F40-A0BE-0749A2D4AC6A}.Release|Any CPU.Build.0 = Release|Any CPU
	EndGlobalSection
	GlobalSection(SolutionProperties) = preSolution
		HideSolutionNode = FALSE
	EndGlobalSection
	GlobalSection(ExtensibilityGlobals) = postSolution
		SolutionGuid = {C5B6A3F3-EA20-4170-A398-C75D3AD9B888}
	EndGlobalSection
EndGlobal
